// !$*UTF8*$!
{
	archiveVersion = 1;
	classes = {
	};
	objectVersion = 46;
	objects = {

/* Begin PBXBuildFile section */
		E1447A331D2975EC00E36F14 /* main.m in Sources */ = {isa = PBXBuildFile; fileRef = E1447A321D2975EC00E36F14 /* main.m */; };
		E1447A361D2975EC00E36F14 /* AppDelegate.m in Sources */ = {isa = PBXBuildFile; fileRef = E1447A351D2975EC00E36F14 /* AppDelegate.m */; };
		E1447A391D2975EC00E36F14 /* ViewController.m in Sources */ = {isa = PBXBuildFile; fileRef = E1447A381D2975EC00E36F14 /* ViewController.m */; };
		E1447A3C1D2975EC00E36F14 /* Main.storyboard in Resources */ = {isa = PBXBuildFile; fileRef = E1447A3A1D2975EC00E36F14 /* Main.storyboard */; };
		E1447A3E1D2975EC00E36F14 /* Assets.xcassets in Resources */ = {isa = PBXBuildFile; fileRef = E1447A3D1D2975EC00E36F14 /* Assets.xcassets */; };
		E1447A411D2975EC00E36F14 /* LaunchScreen.storyboard in Resources */ = {isa = PBXBuildFile; fileRef = E1447A3F1D2975EC00E36F14 /* LaunchScreen.storyboard */; };
		E1447A4A1D29778200E36F14 /* LICENSE in Resources */ = {isa = PBXBuildFile; fileRef = E1447A481D29778200E36F14 /* LICENSE */; };
		E1447A4B1D29778200E36F14 /* README.md in Sources */ = {isa = PBXBuildFile; fileRef = E1447A491D29778200E36F14 /* README.md */; };
/* End PBXBuildFile section */

/* Begin PBXFileReference section */
		E1447A2E1D2975EC00E36F14 /* Guteabsicht.app */ = {isa = PBXFileReference; explicitFileType = wrapper.application; includeInIndex = 0; path = Guteabsicht.app; sourceTree = BUILT_PRODUCTS_DIR; };
		E1447A321D2975EC00E36F14 /* main.m */ = {isa = PBXFileReference; lastKnownFileType = sourcecode.c.objc; path = main.m; sourceTree = "<group>"; };
		E1447A341D2975EC00E36F14 /* AppDelegate.h */ = {isa = PBXFileReference; lastKnownFileType = sourcecode.c.h; path = AppDelegate.h; sourceTree = "<group>"; };
		E1447A351D2975EC00E36F14 /* AppDelegate.m */ = {isa = PBXFileReference; lastKnownFileType = sourcecode.c.objc; path = AppDelegate.m; sourceTree = "<group>"; };
		E1447A371D2975EC00E36F14 /* ViewController.h */ = {isa = PBXFileReference; lastKnownFileType = sourcecode.c.h; path = ViewController.h; sourceTree = "<group>"; };
		E1447A381D2975EC00E36F14 /* ViewController.m */ = {isa = PBXFileReference; lastKnownFileType = sourcecode.c.objc; path = ViewController.m; sourceTree = "<group>"; };
		E1447A3B1D2975EC00E36F14 /* Base */ = {isa = PBXFileReference; lastKnownFileType = file.storyboard; name = Base; path = Base.lproj/Main.storyboard; sourceTree = "<group>"; };
		E1447A3D1D2975EC00E36F14 /* Assets.xcassets */ = {isa = PBXFileReference; lastKnownFileType = folder.assetcatalog; path = Assets.xcassets; sourceTree = "<group>"; };
		E1447A401D2975EC00E36F14 /* Base */ = {isa = PBXFileReference; lastKnownFileType = file.storyboard; name = Base; path = Base.lproj/LaunchScreen.storyboard; sourceTree = "<group>"; };
		E1447A421D2975EC00E36F14 /* Info.plist */ = {isa = PBXFileReference; lastKnownFileType = text.plist.xml; path = Info.plist; sourceTree = "<group>"; };
		E1447A481D29778200E36F14 /* LICENSE */ = {isa = PBXFileReference; fileEncoding = 4; lastKnownFileType = text; path = LICENSE; sourceTree = "<group>"; };
		E1447A491D29778200E36F14 /* README.md */ = {isa = PBXFileReference; fileEncoding = 4; lastKnownFileType = net.daringfireball.markdown; path = README.md; sourceTree = "<group>"; };
/* End PBXFileReference section */

/* Begin PBXFrameworksBuildPhase section */
		E1447A2B1D2975EC00E36F14 /* Frameworks */ = {
			isa = PBXFrameworksBuildPhase;
			buildActionMask = 2147483647;
			files = (
			);
			runOnlyForDeploymentPostprocessing = 0;
		};
/* End PBXFrameworksBuildPhase section */

/* Begin PBXGroup section */
		E1447A251D2975EC00E36F14 = {
			isa = PBXGroup;
			children = (
				E1447A481D29778200E36F14 /* LICENSE */,
				E1447A491D29778200E36F14 /* README.md */,
				E1447A301D2975EC00E36F14 /* Guteabsicht */,
				E1447A2F1D2975EC00E36F14 /* Products */,
			);
			sourceTree = "<group>";
		};
		E1447A2F1D2975EC00E36F14 /* Products */ = {
			isa = PBXGroup;
			children = (
				E1447A2E1D2975EC00E36F14 /* Guteabsicht.app */,
			);
			name = Products;
			sourceTree = "<group>";
		};
		E1447A301D2975EC00E36F14 /* Guteabsicht */ = {
			isa = PBXGroup;
			children = (
				E1447A341D2975EC00E36F14 /* AppDelegate.h */,
				E1447A351D2975EC00E36F14 /* AppDelegate.m */,
				E1447A371D2975EC00E36F14 /* ViewController.h */,
				E1447A381D2975EC00E36F14 /* ViewController.m */,
				E1447A3A1D2975EC00E36F14 /* Main.storyboard */,
				E1447A3D1D2975EC00E36F14 /* Assets.xcassets */,
				E1447A3F1D2975EC00E36F14 /* LaunchScreen.storyboard */,
				E1447A421D2975EC00E36F14 /* Info.plist */,
				E1447A311D2975EC00E36F14 /* Supporting Files */,
			);
			path = Guteabsicht;
			sourceTree = "<group>";
		};
		E1447A311D2975EC00E36F14 /* Supporting Files */ = {
			isa = PBXGroup;
			children = (
				E1447A321D2975EC00E36F14 /* main.m */,
			);
			name = "Supporting Files";
			sourceTree = "<group>";
		};
/* End PBXGroup section */

/* Begin PBXNativeTarget section */
		E1447A2D1D2975EC00E36F14 /* Guteabsicht */ = {
			isa = PBXNativeTarget;
			buildConfigurationList = E1447A451D2975EC00E36F14 /* Build configuration list for PBXNativeTarget "Guteabsicht" */;
			buildPhases = (
				E1447A2A1D2975EC00E36F14 /* Sources */,
				E1447A2B1D2975EC00E36F14 /* Frameworks */,
				E1447A2C1D2975EC00E36F14 /* Resources */,
			);
			buildRules = (
			);
			dependencies = (
			);
			name = Guteabsicht;
			productName = Guteabsicht;
			productReference = E1447A2E1D2975EC00E36F14 /* Guteabsicht.app */;
			productType = "com.apple.product-type.application";
		};
/* End PBXNativeTarget section */

/* Begin PBXProject section */
		E1447A261D2975EC00E36F14 /* Project object */ = {
			isa = PBXProject;
			attributes = {
				LastUpgradeCheck = 0730;
				ORGANIZATIONNAME = "Andrey Manov";
				TargetAttributes = {
					E1447A2D1D2975EC00E36F14 = {
						CreatedOnToolsVersion = 7.3.1;
						DevelopmentTeam = 5Q97DR4L59;
					};
				};
			};
			buildConfigurationList = E1447A291D2975EC00E36F14 /* Build configuration list for PBXProject "Guteabsicht" */;
			compatibilityVersion = "Xcode 3.2";
			developmentRegion = English;
			hasScannedForEncodings = 0;
			knownRegions = (
				en,
				Base,
			);
			mainGroup = E1447A251D2975EC00E36F14;
			productRefGroup = E1447A2F1D2975EC00E36F14 /* Products */;
			projectDirPath = "";
			projectRoot = "";
			targets = (
				E1447A2D1D2975EC00E36F14 /* Guteabsicht */,
			);
		};
/* End PBXProject section */

/* Begin PBXResourcesBuildPhase section */
		E1447A2C1D2975EC00E36F14 /* Resources */ = {
			isa = PBXResourcesBuildPhase;
			buildActionMask = 2147483647;
			files = (
				E1447A411D2975EC00E36F14 /* LaunchScreen.storyboard in Resources */,
				E1447A3E1D2975EC00E36F14 /* Assets.xcassets in Resources */,
				E1447A4A1D29778200E36F14 /* LICENSE in Resources */,
				E1447A3C1D2975EC00E36F14 /* Main.storyboard in Resources */,
			);
			runOnlyForDeploymentPostprocessing = 0;
		};
/* End PBXResourcesBuildPhase section */

/* Begin PBXSourcesBuildPhase section */
		E1447A2A1D2975EC00E36F14 /* Sources */ = {
			isa = PBXSourcesBuildPhase;
			buildActionMask = 2147483647;
			files = (
				E1447A391D2975EC00E36F14 /* ViewController.m in Sources */,
				E1447A361D2975EC00E36F14 /* AppDelegate.m in Sources */,
				E1447A4B1D29778200E36F14 /* README.md in Sources */,
				E1447A331D2975EC00E36F14 /* main.m in Sources */,
			);
			runOnlyForDeploymentPostprocessing = 0;
		};
/* End PBXSourcesBuildPhase section */

/* Begin PBXVariantGroup section */
		E1447A3A1D2975EC00E36F14 /* Main.storyboard */ = {
			isa = PBXVariantGroup;
			children = (
				E1447A3B1D2975EC00E36F14 /* Base */,
			);
			name = Main.storyboard;
			sourceTree = "<group>";
		};
		E1447A3F1D2975EC00E36F14 /* LaunchScreen.storyboard */ = {
			isa = PBXVariantGroup;
			children = (
				E1447A401D2975EC00E36F14 /* Base */,
			);
			name = LaunchScreen.storyboard;
			sourceTree = "<group>";
		};
/* End PBXVariantGroup section */

/* Begin XCBuildConfiguration section */
		E1447A431D2975EC00E36F14 /* Debug */ = {
			isa = XCBuildConfiguration;
			buildSettings = {
				ALWAYS_SEARCH_USER_PATHS = NO;
				CLANG_ANALYZER_NONNULL = YES;
				CLANG_CXX_LANGUAGE_STANDARD = "gnu++0x";
				CLANG_CXX_LIBRARY = "libc++";
				CLANG_ENABLE_MODULES = YES;
				CLANG_ENABLE_OBJC_ARC = YES;
				CLANG_WARN_BOOL_CONVERSION = YES;
				CLANG_WARN_CONSTANT_CONVERSION = YES;
				CLANG_WARN_DIRECT_OBJC_ISA_USAGE = YES_ERROR;
				CLANG_WARN_EMPTY_BODY = YES;
				CLANG_WARN_ENUM_CONVERSION = YES;
				CLANG_WARN_INT_CONVERSION = YES;
				CLANG_WARN_OBJC_ROOT_CLASS = YES_ERROR;
				CLANG_WARN_UNREACHABLE_CODE = YES;
				CLANG_WARN__DUPLICATE_METHOD_MATCH = YES;
				"CODE_SIGN_IDENTITY[sdk=iphoneos*]" = "iPhone Developer";
				COPY_PHASE_STRIP = NO;
				DEBUG_INFORMATION_FORMAT = dwarf;
				ENABLE_STRICT_OBJC_MSGSEND = YES;
				ENABLE_TESTABILITY = YES;
				GCC_C_LANGUAGE_STANDARD = gnu99;
				GCC_DYNAMIC_NO_PIC = NO;
				GCC_NO_COMMON_BLOCKS = YES;
				GCC_OPTIMIZATION_LEVEL = 0;
				GCC_PREPROCESSOR_DEFINITIONS = (
					"DEBUG=1",
					"$(inherited)",
				);
				GCC_WARN_64_TO_32_BIT_CONVERSION = YES;
				GCC_WARN_ABOUT_RETURN_TYPE = YES_ERROR;
				GCC_WARN_UNDECLARED_SELECTOR = YES;
				GCC_WARN_UNINITIALIZED_AUTOS = YES_AGGRESSIVE;
				GCC_WARN_UNUSED_FUNCTION = YES;
				GCC_WARN_UNUSED_VARIABLE = YES;
				IPHONEOS_DEPLOYMENT_TARGET = 8.4;
				MTL_ENABLE_DEBUG_INFO = YES;
				ONLY_ACTIVE_ARCH = YES;
				SDKROOT = iphoneos;
				TARGETED_DEVICE_FAMILY = "1,2";
			};
			name = Debug;
		};
		E1447A441D2975EC00E36F14 /* Release */ = {
			isa = XCBuildConfiguration;
			buildSettings = {
				ALWAYS_SEARCH_USER_PATHS = NO;
				CLANG_ANALYZER_NONNULL = YES;
				CLANG_CXX_LANGUAGE_STANDARD = "gnu++0x";
				CLANG_CXX_LIBRARY = "libc++";
				CLANG_ENABLE_MODULES = YES;
				CLANG_ENABLE_OBJC_ARC = YES;
				CLANG_WARN_BOOL_CONVERSION = YES;
				CLANG_WARN_CONSTANT_CONVERSION = YES;
				CLANG_WARN_DIRECT_OBJC_ISA_USAGE = YES_ERROR;
				CLANG_WARN_EMPTY_BODY = YES;
				CLANG_WARN_ENUM_CONVERSION = YES;
				CLANG_WARN_INT_CONVERSION = YES;
				CLANG_WARN_OBJC_ROOT_CLASS = YES_ERROR;
				CLANG_WARN_UNREACHABLE_CODE = YES;
				CLANG_WARN__DUPLICATE_METHOD_MATCH = YES;
				"CODE_SIGN_IDENTITY[sdk=iphoneos*]" = "iPhone Developer";
				COPY_PHASE_STRIP = NO;
				DEBUG_INFORMATION_FORMAT = "dwarf-with-dsym";
				ENABLE_NS_ASSERTIONS = NO;
				ENABLE_STRICT_OBJC_MSGSEND = YES;
				GCC_C_LANGUAGE_STANDARD = gnu99;
				GCC_NO_COMMON_BLOCKS = YES;
				GCC_WARN_64_TO_32_BIT_CONVERSION = YES;
				GCC_WARN_ABOUT_RETURN_TYPE = YES_ERROR;
				GCC_WARN_UNDECLARED_SELECTOR = YES;
				GCC_WARN_UNINITIALIZED_AUTOS = YES_AGGRESSIVE;
				GCC_WARN_UNUSED_FUNCTION = YES;
				GCC_WARN_UNUSED_VARIABLE = YES;
				IPHONEOS_DEPLOYMENT_TARGET = 8.4;
				MTL_ENABLE_DEBUG_INFO = NO;
				SDKROOT = iphoneos;
				TARGETED_DEVICE_FAMILY = "1,2";
				VALIDATE_PRODUCT = YES;
			};
			name = Release;
		};
		E1447A461D2975EC00E36F14 /* Debug */ = {
			isa = XCBuildConfiguration;
			buildSettings = {
				ASSETCATALOG_COMPILER_APPICON_NAME = AppIcon;
				CODE_SIGN_IDENTITY = "iPhone Developer";
				"CODE_SIGN_IDENTITY[sdk=iphoneos*]" = "iPhone Developer";
				INFOPLIST_FILE = Guteabsicht/Info.plist;
				IPHONEOS_DEPLOYMENT_TARGET = 8.4;
				LD_RUNPATH_SEARCH_PATHS = "$(inherited) @executable_path/Frameworks";
				PRODUCT_BUNDLE_IDENTIFIER = com.amanov.Guteabsicht;
				PRODUCT_NAME = "$(TARGET_NAME)";
				PROVISIONING_PROFILE = "";
			};
			name = Debug;
		};
		E1447A471D2975EC00E36F14 /* Release */ = {
			isa = XCBuildConfiguration;
			buildSettings = {
				ASSETCATALOG_COMPILER_APPICON_NAME = AppIcon;
				CODE_SIGN_IDENTITY = "iPhone Developer";
				"CODE_SIGN_IDENTITY[sdk=iphoneos*]" = "iPhone Developer";
				INFOPLIST_FILE = Guteabsicht/Info.plist;
				IPHONEOS_DEPLOYMENT_TARGET = 8.4;
				LD_RUNPATH_SEARCH_PATHS = "$(inherited) @executable_path/Frameworks";
				PRODUCT_BUNDLE_IDENTIFIER = com.amanov.Guteabsicht;
				PRODUCT_NAME = "$(TARGET_NAME)";
				PROVISIONING_PROFILE = "";
			};
			name = Release;
		};
/* End XCBuildConfiguration section */

/* Begin XCConfigurationList section */
		E1447A291D2975EC00E36F14 /* Build configuration list for PBXProject "Guteabsicht" */ = {
			isa = XCConfigurationList;
			buildConfigurations = (
				E1447A431D2975EC00E36F14 /* Debug */,
				E1447A441D2975EC00E36F14 /* Release */,
			);
			defaultConfigurationIsVisible = 0;
			defaultConfigurationName = Release;
		};
		E1447A451D2975EC00E36F14 /* Build configuration list for PBXNativeTarget "Guteabsicht" */ = {
			isa = XCConfigurationList;
			buildConfigurations = (
				E1447A461D2975EC00E36F14 /* Debug */,
				E1447A471D2975EC00E36F14 /* Release */,
			);
			defaultConfigurationIsVisible = 0;
			defaultConfigurationName = Release;
		};
/* End XCConfigurationList section */
	};
	rootObject = E1447A261D2975EC00E36F14 /* Project object */;
}
